{
    "_readme": [
        "This file locks the dependencies of your project to a known state",
        "Read more about it at https://getcomposer.org/doc/01-basic-usage.md#installing-dependencies",
        "This file is @generated automatically"
    ],
    "content-hash": "87d67eba857323383e676435ad499c22",
    "packages": [
        {
            "name": "and/oauth",
            "version": "dev-master",
            "source": {
                "type": "git",
                "url": "https://github.com/logical-and/php-oauth.git",
                "reference": "48fa6e74b147f5a689cb6a03dcf9ea67d1d98bbf"
            },
            "dist": {
                "type": "zip",
                "url": "https://api.github.com/repos/logical-and/php-oauth/zipball/48fa6e74b147f5a689cb6a03dcf9ea67d1d98bbf",
                "reference": "48fa6e74b147f5a689cb6a03dcf9ea67d1d98bbf",
                "shasum": ""
            },
            "require": {
                "ext-reflection": "*",
                "ext-spl": "*",
                "gregwar/image": "~2.0.18",
                "kriswallsmith/buzz": "~0.13",
                "league/url": "~3.2",
                "php": ">=5.4.0"
            },
            "require-dev": {
                "phpunit/phpunit": "~4.6",
                "predis/predis": "0.8.*@dev",
                "symfony/http-foundation": "~2.1"
            },
            "suggest": {
                "ext-openssl": "Allows for usage of secure connections with the stream-based HTTP client.",
                "predis/predis": "Allows using the Redis storage backend.",
                "symfony/http-foundation": "Allows using the Symfony Session storage backend."
            },
            "type": "library",
            "extra": {
                "branch-alias": {
                    "dev-master": "0.7-dev"
                }
            },
            "autoload": {
                "psr-4": {
                    "OAuth\\": "src"
                }
            },
            "notification-url": "https://packagist.org/downloads/",
            "license": [
                "MIT"
            ],
            "authors": [
                {
                    "name": "And",
                    "email": "and.webdev@gmail.com",
                    "role": "Developer"
                },
                {
                    "name": "David Desberg",
                    "email": "david@daviddesberg.com",
                    "role": "Developer of OAuth"
                },
                {
                    "name": "Pieter Hordijk",
                    "email": "info@pieterhordijk.com",
                    "role": "Developer of OAuth"
                },
                {
                    "name": "Luciano Mammino",
                    "email": "lmammino@oryzone.com",
                    "homepage": "http://oryzone.com",
                    "role": "Developer of UserData package"
                }
            ],
            "description": "Simple and amazing OAuth library with many providers. Just try it out!",
            "keywords": [
                "Authentication",
                "Buffer",
                "Harvest",
                "amazon",
                "authorization",
                "bitbucket",
                "bitly",
                "box",
                "dailymotion",
                "deviantart",
                "dropbox",
                "etsy",
                "eve",
                "eveonline",
                "facebook",
                "fitbit",
                "flickr",
                "foursquare",
                "github",
                "google",
                "instagram",
                "jawbone",
                "linkedin",
                "mailchimp",
                "microsoft",
                "oauth",
                "oauth1",
                "oauth2",
                "paypal",
                "pocket",
                "reddit",
                "runkeeper",
                "scoopit",
                "security",
                "soundcloud",
                "spotify",
                "tumblr",
                "twitter",
                "ustream",
                "vkontakte",
                "yahoo"
            ],
            "time": "2015-10-25T10:42:13+00:00"
        },
        {
            "name": "endroid/qrcode",
            "version": "1.9.3",
            "source": {
                "type": "git",
                "url": "https://github.com/endroid/qr-code.git",
                "reference": "c9644bec2a9cc9318e98d1437de3c628dcd1ef93"
            },
            "dist": {
                "type": "zip",
                "url": "https://api.github.com/repos/endroid/qr-code/zipball/c9644bec2a9cc9318e98d1437de3c628dcd1ef93",
                "reference": "c9644bec2a9cc9318e98d1437de3c628dcd1ef93",
                "shasum": ""
            },
            "require": {
                "ext-gd": "*",
                "php": ">=5.4",
                "symfony/options-resolver": "^2.3|^3.0"
            },
            "require-dev": {
                "phpunit/phpunit": "^4.0|^5.0",
                "sensio/framework-extra-bundle": "^3.0",
                "symfony/browser-kit": "^2.3|^3.0",
                "symfony/framework-bundle": "^2.3|^3.0",
                "symfony/http-kernel": "^2.3|^3.0"
            },
            "type": "library",
            "extra": {
                "branch-alias": {
                    "dev-master": "1.x-dev"
                }
            },
            "autoload": {
                "psr-4": {
                    "Endroid\\QrCode\\": "src/"
                }
            },
            "notification-url": "https://packagist.org/downloads/",
            "license": [
                "MIT"
            ],
            "authors": [
                {
                    "name": "Jeroen van den Enden",
                    "email": "info@endroid.nl",
                    "homepage": "http://endroid.nl/"
                }
            ],
            "description": "Endroid QR Code",
            "homepage": "https://github.com/endroid/QrCode",
            "keywords": [
                "bundle",
                "code",
                "endroid",
                "qr",
                "qrcode",
                "symfony"
            ],
            "abandoned": "endroid/qr-code",
            "time": "2017-04-08T09:13:59+00:00"
        },
        {
            "name": "gregwar/cache",
            "version": "v1.0.12",
            "target-dir": "Gregwar/Cache",
            "source": {
                "type": "git",
                "url": "https://github.com/Gregwar/Cache.git",
                "reference": "305d0f5a12c0beecbbd7e1de236f59f39e0c0ac3"
            },
            "dist": {
                "type": "zip",
                "url": "https://api.github.com/repos/Gregwar/Cache/zipball/305d0f5a12c0beecbbd7e1de236f59f39e0c0ac3",
                "reference": "305d0f5a12c0beecbbd7e1de236f59f39e0c0ac3",
                "shasum": ""
            },
            "require": {
                "php": ">=5.3"
            },
            "type": "library",
            "autoload": {
                "psr-0": {
                    "Gregwar\\Cache": ""
                }
            },
            "notification-url": "https://packagist.org/downloads/",
            "license": [
                "MIT"
            ],
            "authors": [
                {
                    "name": "Gregwar",
                    "email": "g.passault@gmail.com"
                }
            ],
            "description": "A lightweight file-system cache system",
            "keywords": [
                "cache",
                "caching",
                "file-system",
                "system"
            ],
            "time": "2016-09-23T08:16:04+00:00"
        },
        {
            "name": "gregwar/image",
            "version": "v2.0.25",
            "target-dir": "Gregwar/Image",
            "source": {
                "type": "git",
                "url": "https://github.com/Gregwar/Image.git",
                "reference": "03534d5760cbea5c96e6292041ff81a3bb205c36"
            },
            "dist": {
                "type": "zip",
                "url": "https://api.github.com/repos/Gregwar/Image/zipball/03534d5760cbea5c96e6292041ff81a3bb205c36",
                "reference": "03534d5760cbea5c96e6292041ff81a3bb205c36",
                "shasum": ""
            },
            "require": {
                "ext-gd": "*",
                "gregwar/cache": "^1.0.6",
                "php": "^5.3 || ^7.0"
            },
            "require-dev": {
                "sllh/php-cs-fixer-styleci-bridge": "~1.0",
                "symfony/phpunit-bridge": "^2.7.4 || ^3.0"
            },
            "suggest": {
                "behat/transliterator": "Transliterator provides ability to set non-latin1 pretty names"
            },
            "type": "library",
            "autoload": {
                "psr-0": {
                    "Gregwar\\Image": ""
                }
            },
            "notification-url": "https://packagist.org/downloads/",
            "license": [
                "MIT"
            ],
            "authors": [
                {
                    "name": "Grégoire Passault",
                    "email": "g.passault@gmail.com",
                    "homepage": "http://www.gregwar.com/"
                }
            ],
            "description": "Image handling",
            "homepage": "https://github.com/Gregwar/Image",
            "keywords": [
                "gd",
                "image"
            ],
            "time": "2019-03-01T15:55:29+00:00"
        },
        {
            "name": "guzzlehttp/psr7",
            "version": "1.5.2",
            "source": {
                "type": "git",
                "url": "https://github.com/guzzle/psr7.git",
                "reference": "9f83dded91781a01c63574e387eaa769be769115"
            },
            "dist": {
                "type": "zip",
                "url": "https://api.github.com/repos/guzzle/psr7/zipball/9f83dded91781a01c63574e387eaa769be769115",
                "reference": "9f83dded91781a01c63574e387eaa769be769115",
                "shasum": ""
            },
            "require": {
                "php": ">=5.4.0",
                "psr/http-message": "~1.0",
                "ralouphie/getallheaders": "^2.0.5"
            },
            "provide": {
                "psr/http-message-implementation": "1.0"
            },
            "require-dev": {
                "phpunit/phpunit": "~4.8.36 || ^5.7.27 || ^6.5.8"
            },
            "type": "library",
            "extra": {
                "branch-alias": {
                    "dev-master": "1.5-dev"
                }
            },
            "autoload": {
                "psr-4": {
                    "GuzzleHttp\\Psr7\\": "src/"
                },
                "files": [
                    "src/functions_include.php"
                ]
            },
            "notification-url": "https://packagist.org/downloads/",
            "license": [
                "MIT"
            ],
            "authors": [
                {
                    "name": "Michael Dowling",
                    "email": "mtdowling@gmail.com",
                    "homepage": "https://github.com/mtdowling"
                },
                {
                    "name": "Tobias Schultze",
                    "homepage": "https://github.com/Tobion"
                }
            ],
            "description": "PSR-7 message implementation that also provides common utility methods",
            "keywords": [
                "http",
                "message",
                "psr-7",
                "request",
                "response",
                "stream",
                "uri",
                "url"
            ],
            "time": "2018-12-04T20:46:45+00:00"
        },
        {
            "name": "kriswallsmith/buzz",
            "version": "v0.16.1",
            "source": {
                "type": "git",
                "url": "https://github.com/kriswallsmith/Buzz.git",
                "reference": "4977b7d44dbef49cdc641f14be6512fdcfe32f12"
            },
            "dist": {
                "type": "zip",
                "url": "https://api.github.com/repos/kriswallsmith/Buzz/zipball/4977b7d44dbef49cdc641f14be6512fdcfe32f12",
                "reference": "4977b7d44dbef49cdc641f14be6512fdcfe32f12",
                "shasum": ""
            },
            "require": {
                "guzzlehttp/psr7": "^1.4",
                "php": "^5.4 || ^7.0"
            },
            "require-dev": {
                "php-http/client-integration-tests": "^0.6.2",
                "symfony/phpunit-bridge": "^3.4 || ^4.0"
            },
            "suggest": {
                "ext-curl": "*"
            },
            "type": "library",
            "autoload": {
                "psr-4": {
                    "Buzz\\": "lib/Buzz"
                }
            },
            "notification-url": "https://packagist.org/downloads/",
            "license": [
                "MIT"
            ],
            "authors": [
                {
                    "name": "Kris Wallsmith",
                    "email": "kris.wallsmith@gmail.com",
                    "homepage": "http://kriswallsmith.net/"
                }
            ],
            "description": "Lightweight HTTP client",
            "homepage": "https://github.com/kriswallsmith/Buzz",
            "keywords": [
                "curl",
                "http client"
            ],
            "time": "2018-03-19T10:34:40+00:00"
        },
        {
            "name": "league/url",
            "version": "3.3.5",
            "source": {
                "type": "git",
                "url": "https://github.com/thephpleague/url.git",
                "reference": "1ae2c3ce29a7c5438339ff6388225844e6479da8"
            },
            "dist": {
                "type": "zip",
                "url": "https://api.github.com/repos/thephpleague/url/zipball/1ae2c3ce29a7c5438339ff6388225844e6479da8",
                "reference": "1ae2c3ce29a7c5438339ff6388225844e6479da8",
                "shasum": ""
            },
            "require": {
                "ext-mbstring": "*",
                "php": ">=5.3.0",
                "true/punycode": "^2.0"
            },
            "require-dev": {
                "phpunit/phpunit": "^4.0"
            },
            "type": "library",
            "extra": {
                "branch-alias": {
                    "dev-master": "3.3-dev"
                }
            },
            "autoload": {
                "psr-4": {
                    "League\\Url\\": "src"
                }
            },
            "notification-url": "https://packagist.org/downloads/",
            "license": [
                "MIT"
            ],
            "authors": [
                {
                    "name": "Ignace Nyamagana Butera",
                    "email": "nyamsprod@gmail.com",
                    "homepage": "https://github.com/nyamsprod/",
                    "role": "Developer"
                }
            ],
            "description": "League/url is a lightweight PHP Url manipulating library",
            "homepage": "http://url.thephpleague.com",
            "keywords": [
                "parse_url",
                "php",
                "url"
            ],
            "abandoned": "league/uri",
            "time": "2015-07-15T08:24:12+00:00"
        },
        {
            "name": "pclzip/pclzip",
            "version": "2.8.2",
            "source": {
                "type": "git",
                "url": "https://github.com/ivanlanin/pclzip.git",
                "reference": "19dd1de9d3f5fc4d7d70175b4c344dee329f45fd"
            },
            "dist": {
                "type": "zip",
                "url": "https://api.github.com/repos/ivanlanin/pclzip/zipball/19dd1de9d3f5fc4d7d70175b4c344dee329f45fd",
                "reference": "19dd1de9d3f5fc4d7d70175b4c344dee329f45fd",
                "shasum": ""
            },
            "type": "library",
            "autoload": {
                "classmap": [
                    "pclzip.lib.php"
                ]
            },
            "notification-url": "https://packagist.org/downloads/",
            "license": [
                "LGPL-2.1"
            ],
            "authors": [
                {
                    "name": "Vincent Blavet"
                }
            ],
            "description": "A PHP library that offers compression and extraction functions for Zip formatted archives",
            "homepage": "http://www.phpconcept.net/pclzip",
            "keywords": [
                "php",
                "zip"
            ],
            "time": "2014-06-05T11:42:24+00:00"
        },
        {
            "name": "phpmailer/phpmailer",
            "version": "v6.0.7",
            "source": {
                "type": "git",
                "url": "https://github.com/PHPMailer/PHPMailer.git",
                "reference": "0c41a36d4508d470e376498c1c0c527aa36a2d59"
            },
            "dist": {
                "type": "zip",
                "url": "https://api.github.com/repos/PHPMailer/PHPMailer/zipball/0c41a36d4508d470e376498c1c0c527aa36a2d59",
                "reference": "0c41a36d4508d470e376498c1c0c527aa36a2d59",
                "shasum": ""
            },
            "require": {
                "ext-ctype": "*",
                "ext-filter": "*",
                "php": ">=5.5.0"
            },
            "require-dev": {
                "doctrine/annotations": "1.2.*",
                "friendsofphp/php-cs-fixer": "^2.2",
                "phpdocumentor/phpdocumentor": "2.*",
                "phpunit/phpunit": "^4.8 || ^5.7",
                "zendframework/zend-eventmanager": "3.0.*",
                "zendframework/zend-i18n": "2.7.3",
                "zendframework/zend-serializer": "2.7.*"
            },
            "suggest": {
                "ext-mbstring": "Needed to send email in multibyte encoding charset",
                "hayageek/oauth2-yahoo": "Needed for Yahoo XOAUTH2 authentication",
                "league/oauth2-google": "Needed for Google XOAUTH2 authentication",
                "psr/log": "For optional PSR-3 debug logging",
                "stevenmaguire/oauth2-microsoft": "Needed for Microsoft XOAUTH2 authentication",
                "symfony/polyfill-mbstring": "To support UTF-8 if the Mbstring PHP extension is not enabled (^1.2)"
            },
            "type": "library",
            "autoload": {
                "psr-4": {
                    "PHPMailer\\PHPMailer\\": "src/"
                }
            },
            "notification-url": "https://packagist.org/downloads/",
            "license": [
                "LGPL-2.1"
            ],
            "authors": [
                {
                    "name": "Jim Jagielski",
                    "email": "jimjag@gmail.com"
                },
                {
                    "name": "Marcus Bointon",
                    "email": "phpmailer@synchromedia.co.uk"
                },
                {
                    "name": "Andy Prevost",
                    "email": "codeworxtech@users.sourceforge.net"
                },
                {
                    "name": "Brent R. Matzelle"
                }
            ],
            "description": "PHPMailer is a full-featured email creation and transfer class for PHP",
            "time": "2019-02-01T15:04:28+00:00"
        },
        {
            "name": "phpoffice/common",
            "version": "0.2.9",
            "source": {
                "type": "git",
                "url": "https://github.com/PHPOffice/Common.git",
                "reference": "edb5d32b1e3400a35a5c91e2539ed6f6ce925e4d"
            },
            "dist": {
                "type": "zip",
                "url": "https://api.github.com/repos/PHPOffice/Common/zipball/edb5d32b1e3400a35a5c91e2539ed6f6ce925e4d",
                "reference": "edb5d32b1e3400a35a5c91e2539ed6f6ce925e4d",
                "shasum": ""
            },
            "require": {
                "pclzip/pclzip": "^2.8",
                "php": ">=5.3.0"
            },
            "require-dev": {
                "phpdocumentor/phpdocumentor": "2.*",
                "phploc/phploc": "2.*",
                "phpmd/phpmd": "2.*",
                "phpunit/phpunit": "^4.8.36 || ^7.0",
                "sebastian/phpcpd": "2.*",
                "squizlabs/php_codesniffer": "2.*"
            },
            "type": "library",
            "autoload": {
                "psr-4": {
                    "PhpOffice\\Common\\": "src/Common/"
                }
            },
            "notification-url": "https://packagist.org/downloads/",
            "license": [
                "LGPL"
            ],
            "authors": [
                {
                    "name": "Mark Baker"
                },
                {
                    "name": "Franck Lefevre",
                    "homepage": "http://rootslabs.net"
                }
            ],
            "description": "PHPOffice Common",
            "homepage": "http://phpoffice.github.io",
            "keywords": [
                "common",
                "component",
                "office",
                "php"
            ],
            "time": "2018-07-13T14:12:34+00:00"
        },
        {
            "name": "phpoffice/phpword",
            "version": "0.17.0",
            "source": {
                "type": "git",
                "url": "https://github.com/PHPOffice/PHPWord.git",
                "reference": "b8346af548d399acd9e30fc76ab0c55c2fec03a5"
            },
            "dist": {
                "type": "zip",
                "url": "https://api.github.com/repos/PHPOffice/PHPWord/zipball/b8346af548d399acd9e30fc76ab0c55c2fec03a5",
                "reference": "b8346af548d399acd9e30fc76ab0c55c2fec03a5",
                "shasum": ""
            },
            "require": {
                "ext-xml": "*",
                "php": "^5.3.3 || ^7.0",
                "phpoffice/common": "^0.2.9",
                "zendframework/zend-escaper": "^2.2"
            },
            "require-dev": {
                "dompdf/dompdf": "0.8.*",
                "ext-gd": "*",
                "ext-zip": "*",
                "friendsofphp/php-cs-fixer": "^2.2",
                "mpdf/mpdf": "5.7.4 || 6.* || 7.*",
                "php-coveralls/php-coveralls": "1.1.0 || ^2.0",
                "phploc/phploc": "2.* || 3.* || 4.*",
                "phpmd/phpmd": "2.*",
                "phpunit/phpunit": "^4.8.36 || ^7.0",
                "squizlabs/php_codesniffer": "^2.9",
                "tecnickcom/tcpdf": "6.*"
            },
            "suggest": {
                "dompdf/dompdf": "Allows writing PDF",
                "ext-gd2": "Allows adding images",
                "ext-xmlwriter": "Allows writing OOXML and ODF",
                "ext-xsl": "Allows applying XSL style sheet to headers, to main document part, and to footers of an OOXML template",
                "ext-zip": "Allows writing OOXML and ODF"
            },
            "type": "library",
            "extra": {
                "branch-alias": {
                    "dev-develop": "0.18-dev"
                }
            },
            "autoload": {
                "psr-4": {
                    "PhpOffice\\PhpWord\\": "src/PhpWord"
                }
            },
            "notification-url": "https://packagist.org/downloads/",
            "license": [
                "LGPL-3.0"
            ],
            "authors": [
                {
                    "name": "Mark Baker"
                },
                {
                    "name": "Gabriel Bull",
                    "email": "me@gabrielbull.com",
                    "homepage": "http://gabrielbull.com/"
                },
                {
                    "name": "Franck Lefevre",
                    "homepage": "https://rootslabs.net/blog/"
                },
                {
                    "name": "Ivan Lanin",
                    "homepage": "http://ivan.lanin.org"
                },
                {
                    "name": "Roman Syroeshko",
                    "homepage": "http://ru.linkedin.com/pub/roman-syroeshko/34/a53/994/"
                },
                {
                    "name": "Antoine de Troostembergh"
                }
            ],
            "description": "PHPWord - A pure PHP library for reading and writing word processing documents (OOXML, ODF, RTF, HTML, PDF)",
            "homepage": "http://phpoffice.github.io",
            "keywords": [
                "ISO IEC 29500",
                "OOXML",
                "Office Open XML",
                "OpenDocument",
                "OpenXML",
                "PhpOffice",
                "PhpWord",
                "Rich Text Format",
                "WordprocessingML",
                "doc",
                "docx",
                "html",
                "odf",
                "odt",
                "office",
                "pdf",
                "php",
                "reader",
                "rtf",
                "template",
                "template processor",
                "word",
                "writer"
            ],
            "support": {
                "issues": "https://github.com/PHPOffice/PHPWord/issues",
                "source": "https://github.com/PHPOffice/PHPWord/tree/develop"
            },
            "time": "2019-10-01T20:43:33+00:00"
        },
        {
            "name": "psr/http-message",
            "version": "1.0.1",
            "source": {
                "type": "git",
                "url": "https://github.com/php-fig/http-message.git",
                "reference": "f6561bf28d520154e4b0ec72be95418abe6d9363"
            },
            "dist": {
                "type": "zip",
                "url": "https://api.github.com/repos/php-fig/http-message/zipball/f6561bf28d520154e4b0ec72be95418abe6d9363",
                "reference": "f6561bf28d520154e4b0ec72be95418abe6d9363",
                "shasum": ""
            },
            "require": {
                "php": ">=5.3.0"
            },
            "type": "library",
            "extra": {
                "branch-alias": {
                    "dev-master": "1.0.x-dev"
                }
            },
            "autoload": {
                "psr-4": {
                    "Psr\\Http\\Message\\": "src/"
                }
            },
            "notification-url": "https://packagist.org/downloads/",
            "license": [
                "MIT"
            ],
            "authors": [
                {
                    "name": "PHP-FIG",
                    "homepage": "http://www.php-fig.org/"
                }
            ],
            "description": "Common interface for HTTP messages",
            "homepage": "https://github.com/php-fig/http-message",
            "keywords": [
                "http",
                "http-message",
                "psr",
                "psr-7",
                "request",
                "response"
            ],
            "time": "2016-08-06T14:39:51+00:00"
        },
        {
            "name": "ralouphie/getallheaders",
            "version": "2.0.5",
            "source": {
                "type": "git",
                "url": "https://github.com/ralouphie/getallheaders.git",
                "reference": "5601c8a83fbba7ef674a7369456d12f1e0d0eafa"
            },
            "dist": {
                "type": "zip",
                "url": "https://api.github.com/repos/ralouphie/getallheaders/zipball/5601c8a83fbba7ef674a7369456d12f1e0d0eafa",
                "reference": "5601c8a83fbba7ef674a7369456d12f1e0d0eafa",
                "shasum": ""
            },
            "require": {
                "php": ">=5.3"
            },
            "require-dev": {
                "phpunit/phpunit": "~3.7.0",
                "satooshi/php-coveralls": ">=1.0"
            },
            "type": "library",
            "autoload": {
                "files": [
                    "src/getallheaders.php"
                ]
            },
            "notification-url": "https://packagist.org/downloads/",
            "license": [
                "MIT"
            ],
            "authors": [
                {
                    "name": "Ralph Khattar",
                    "email": "ralph.khattar@gmail.com"
                }
            ],
            "description": "A polyfill for getallheaders.",
            "time": "2016-02-11T07:05:27+00:00"
        },
        {
            "name": "symfony/options-resolver",
            "version": "v3.4.27",
            "source": {
                "type": "git",
                "url": "https://github.com/symfony/options-resolver.git",
                "reference": "ed3b397f9c07c8ca388b2a1ef744403b4d4ecc44"
            },
            "dist": {
                "type": "zip",
                "url": "https://api.github.com/repos/symfony/options-resolver/zipball/ed3b397f9c07c8ca388b2a1ef744403b4d4ecc44",
                "reference": "ed3b397f9c07c8ca388b2a1ef744403b4d4ecc44",
                "shasum": ""
            },
            "require": {
                "php": "^5.5.9|>=7.0.8"
            },
            "type": "library",
            "extra": {
                "branch-alias": {
                    "dev-master": "3.4-dev"
                }
            },
            "autoload": {
                "psr-4": {
                    "Symfony\\Component\\OptionsResolver\\": ""
                },
                "exclude-from-classmap": [
                    "/Tests/"
                ]
            },
            "notification-url": "https://packagist.org/downloads/",
            "license": [
                "MIT"
            ],
            "authors": [
                {
                    "name": "Fabien Potencier",
                    "email": "fabien@symfony.com"
                },
                {
                    "name": "Symfony Community",
                    "homepage": "https://symfony.com/contributors"
                }
            ],
            "description": "Symfony OptionsResolver Component",
            "homepage": "https://symfony.com",
            "keywords": [
                "config",
                "configuration",
                "options"
            ],
            "time": "2019-04-10T16:00:48+00:00"
        },
        {
            "name": "symfony/polyfill-mbstring",
            "version": "v1.11.0",
            "source": {
                "type": "git",
                "url": "https://github.com/symfony/polyfill-mbstring.git",
                "reference": "fe5e94c604826c35a32fa832f35bd036b6799609"
            },
            "dist": {
                "type": "zip",
                "url": "https://api.github.com/repos/symfony/polyfill-mbstring/zipball/fe5e94c604826c35a32fa832f35bd036b6799609",
                "reference": "fe5e94c604826c35a32fa832f35bd036b6799609",
                "shasum": ""
            },
            "require": {
                "php": ">=5.3.3"
            },
            "suggest": {
                "ext-mbstring": "For best performance"
            },
            "type": "library",
            "extra": {
                "branch-alias": {
                    "dev-master": "1.11-dev"
                }
            },
            "autoload": {
                "psr-4": {
                    "Symfony\\Polyfill\\Mbstring\\": ""
                },
                "files": [
                    "bootstrap.php"
                ]
            },
            "notification-url": "https://packagist.org/downloads/",
            "license": [
                "MIT"
            ],
            "authors": [
                {
                    "name": "Nicolas Grekas",
                    "email": "p@tchwork.com"
                },
                {
                    "name": "Symfony Community",
                    "homepage": "https://symfony.com/contributors"
                }
            ],
            "description": "Symfony polyfill for the Mbstring extension",
            "homepage": "https://symfony.com",
            "keywords": [
                "compatibility",
                "mbstring",
                "polyfill",
                "portable",
                "shim"
            ],
            "time": "2019-02-06T07:57:58+00:00"
        },
        {
            "name": "true/punycode",
            "version": "v2.1.1",
            "source": {
                "type": "git",
                "url": "https://github.com/true/php-punycode.git",
                "reference": "a4d0c11a36dd7f4e7cd7096076cab6d3378a071e"
            },
            "dist": {
                "type": "zip",
                "url": "https://api.github.com/repos/true/php-punycode/zipball/a4d0c11a36dd7f4e7cd7096076cab6d3378a071e",
                "reference": "a4d0c11a36dd7f4e7cd7096076cab6d3378a071e",
                "shasum": ""
            },
            "require": {
                "php": ">=5.3.0",
                "symfony/polyfill-mbstring": "^1.3"
            },
            "require-dev": {
                "phpunit/phpunit": "~4.7",
                "squizlabs/php_codesniffer": "~2.0"
            },
            "type": "library",
            "autoload": {
                "psr-4": {
                    "TrueBV\\": "src/"
                }
            },
            "notification-url": "https://packagist.org/downloads/",
            "license": [
                "MIT"
            ],
            "authors": [
                {
                    "name": "Renan Gonçalves",
                    "email": "renan.saddam@gmail.com"
                }
            ],
            "description": "A Bootstring encoding of Unicode for Internationalized Domain Names in Applications (IDNA)",
            "homepage": "https://github.com/true/php-punycode",
            "keywords": [
                "idna",
                "punycode"
            ],
            "time": "2016-11-16T10:37:54+00:00"
        },
        {
            "name": "vinades/nukeviet",
            "version": "dev-master",
            "source": {
                "type": "git",
                "url": "https://github.com/vinades/nukeviet.git",
                "reference": "45551e942217ce2ba87d3e9a8564c89d6cf42f42"
            },
            "dist": {
                "type": "zip",
                "url": "https://api.github.com/repos/vinades/nukeviet/zipball/45551e942217ce2ba87d3e9a8564c89d6cf42f42",
                "reference": "45551e942217ce2ba87d3e9a8564c89d6cf42f42",
                "shasum": ""
            },
            "require": {
                "php": ">=5.4.0"
            },
            "type": "project",
            "autoload": {
                "psr-4": {
                    "NukeViet\\": "/"
                }
            },
            "notification-url": "https://packagist.org/downloads/",
            "license": [
                "GPL-2.0+"
            ],
            "authors": [
                {
                    "name": "VINADES.,JSC",
                    "email": "contact@vinades.vn",
                    "homepage": "http://vinades.vn",
                    "role": "Developer"
                }
            ],
            "description": "class for NukeViet 4",
            "homepage": "https://github.com/nukeviet/nukeviet",
            "keywords": [
                "cms",
                "nukeviet",
                "nukeviet4"
            ],
            "time": "2017-05-31T23:43:00+00:00"
        },
        {
            "name": "zendframework/zend-escaper",
            "version": "2.6.0",
            "source": {
                "type": "git",
                "url": "https://github.com/zendframework/zend-escaper.git",
                "reference": "31d8aafae982f9568287cb4dce987e6aff8fd074"
            },
            "dist": {
                "type": "zip",
                "url": "https://api.github.com/repos/zendframework/zend-escaper/zipball/31d8aafae982f9568287cb4dce987e6aff8fd074",
                "reference": "31d8aafae982f9568287cb4dce987e6aff8fd074",
                "shasum": ""
            },
            "require": {
                "php": "^5.6 || ^7.0"
            },
            "require-dev": {
                "phpunit/phpunit": "^5.7.27 || ^6.5.8 || ^7.1.2",
                "zendframework/zend-coding-standard": "~1.0.0"
            },
            "type": "library",
            "extra": {
                "branch-alias": {
                    "dev-master": "2.6.x-dev",
                    "dev-develop": "2.7.x-dev"
                }
            },
            "autoload": {
                "psr-4": {
                    "Zend\\Escaper\\": "src/"
                }
            },
            "notification-url": "https://packagist.org/downloads/",
            "license": [
                "BSD-3-Clause"
            ],
            "description": "Securely and safely escape HTML, HTML attributes, JavaScript, CSS, and URLs",
            "keywords": [
                "ZendFramework",
                "escaper",
                "zf"
            ],
            "time": "2018-04-25T15:48:53+00:00"
        }
    ],
    "packages-dev": [],
    "aliases": [],
    "minimum-stability": "stable",
    "stability-flags": {
        "vinades/nukeviet": 20,
        "and/oauth": 20
    },
    "prefer-stable": false,
    "prefer-lowest": false,
    "platform": {
        "php": ">=5.5.0",
        "ext-mbstring": "*",
        "ext-gd": "*"
    },
    "platform-dev": [],
    "plugin-api-version": "2.0.0"
}
